
Microsoft Visual Studio Solution File, Format Version 12.00
# Visual Studio 15
VisualStudioVersion = 15.0.27428.2037
MinimumVisualStudioVersion = 10.0.40219.1
Project("{FAE04EC0-301F-11D3-BF4B-00C04F79EFBC}") = "Zaliczenie Jipp4 2", "Zaliczenie Jipp4 2\Zaliczenie Jipp4 2.csproj", "{9C50A3C6-E9A6-4EAA-8F61-DCE4E5CFF63D}"
EndProject
Global
	GlobalSection(SolutionConfigurationPlatforms) = preSolution
		Debug|Any CPU = Debug|Any CPU
		Release|Any CPU = Release|Any CPU
	EndGlobalSection
	GlobalSection(ProjectConfigurationPlatforms) = postSolution
		{9C50A3C6-E9A6-4EAA-8F61-DCE4E5CFF63D}.Debug|Any CPU.ActiveCfg = Debug|Any CPU
		{9C50A3C6-E9A6-4EAA-8F61-DCE4E5CFF63D}.Debug|Any CPU.Build.0 = Debug|Any CPU
		{9C50A3C6-E9A6-4EAA-8F61-DCE4E5CFF63D}.Release|Any CPU.ActiveCfg = Release|Any CPU
		{9C50A3C6-E9A6-4EAA-8F61-DCE4E5CFF63D}.Release|Any CPU.Build.0 = Release|Any CPU
	EndGlobalSection
	GlobalSection(SolutionProperties) = preSolution
		HideSolutionNode = FALSE
	EndGlobalSection
	GlobalSection(ExtensibilityGlobals) = postSolution
		SolutionGuid = {612222BD-4A84-4291-A73E-3946A651676D}
	EndGlobalSection
EndGlobal
